
Microsoft Visual Studio Solution File, Format Version 12.00
# Visual Studio 15
VisualStudioVersion = 15.0.27130.2026
MinimumVisualStudioVersion = 10.0.40219.1
Project("{FAE04EC0-301F-11D3-BF4B-00C04F79EFBC}") = "ComicBookLibraryManager", "ComicBookLibraryManager\ComicBookLibraryManager.csproj", "{D30BE089-4B9E-4532-ABE8-5F33EF03C585}"
EndProject
Project("{FAE04EC0-301F-11D3-BF4B-00C04F79EFBC}") = "ComicBookShared", "ComicBookShared\ComicBookShared.csproj", "{6E28E8E5-05EA-42E2-BF8F-A2469C33874B}"
EndProject
Project("{FAE04EC0-301F-11D3-BF4B-00C04F79EFBC}") = "ComicBookLibraryManagerWebApp", "ComicBookLibraryManagerWebApp\ComicBookLibraryManagerWebApp.csproj", "{AF93FB87-1BD6-420F-A92F-63D54F029D79}"
EndProject
Global
	GlobalSection(SolutionConfigurationPlatforms) = preSolution
		Debug|Any CPU = Debug|Any CPU
		Release|Any CPU = Release|Any CPU
	EndGlobalSection
	GlobalSection(ProjectConfigurationPlatforms) = postSolution
		{D30BE089-4B9E-4532-ABE8-5F33EF03C585}.Debug|Any CPU.ActiveCfg = Debug|Any CPU
		{D30BE089-4B9E-4532-ABE8-5F33EF03C585}.Debug|Any CPU.Build.0 = Debug|Any CPU
		{D30BE089-4B9E-4532-ABE8-5F33EF03C585}.Release|Any CPU.ActiveCfg = Release|Any CPU
		{D30BE089-4B9E-4532-ABE8-5F33EF03C585}.Release|Any CPU.Build.0 = Release|Any CPU
		{6E28E8E5-05EA-42E2-BF8F-A2469C33874B}.Debug|Any CPU.ActiveCfg = Debug|Any CPU
		{6E28E8E5-05EA-42E2-BF8F-A2469C33874B}.Debug|Any CPU.Build.0 = Debug|Any CPU
		{6E28E8E5-05EA-42E2-BF8F-A2469C33874B}.Release|Any CPU.ActiveCfg = Release|Any CPU
		{6E28E8E5-05EA-42E2-BF8F-A2469C33874B}.Release|Any CPU.Build.0 = Release|Any CPU
		{AF93FB87-1BD6-420F-A92F-63D54F029D79}.Debug|Any CPU.ActiveCfg = Debug|Any CPU
		{AF93FB87-1BD6-420F-A92F-63D54F029D79}.Debug|Any CPU.Build.0 = Debug|Any CPU
		{AF93FB87-1BD6-420F-A92F-63D54F029D79}.Release|Any CPU.ActiveCfg = Release|Any CPU
		{AF93FB87-1BD6-420F-A92F-63D54F029D79}.Release|Any CPU.Build.0 = Release|Any CPU
	EndGlobalSection
	GlobalSection(SolutionProperties) = preSolution
		HideSolutionNode = FALSE
	EndGlobalSection
	GlobalSection(ExtensibilityGlobals) = postSolution
		SolutionGuid = {6896B16A-64FC-45B9-92C4-EE35FA09782F}
	EndGlobalSection
EndGlobal
